
Microsoft Visual Studio Solution File, Format Version 12.00
# Visual Studio 15
VisualStudioVersion = 15.0.27428.2043
MinimumVisualStudioVersion = 10.0.40219.1
Project("{9A19103F-16F7-4668-BE54-9A1E7A4F7556}") = "Lotech.Data.Example.Core", "Lotech.Data.Example\Lotech.Data.Example.Core.csproj", "{6DC22D31-B294-46BF-A67D-8DEFD91DF4E0}"
EndProject
Project("{9A19103F-16F7-4668-BE54-9A1E7A4F7556}") = "Lotech.Data.Core", "Lotech.Data\Lotech.Data.Core.csproj", "{AD802432-27DB-4476-BEA2-D683443320B2}"
EndProject
Project("{9A19103F-16F7-4668-BE54-9A1E7A4F7556}") = "Lotech.Data.SqlServer.Core", "Lotech.Data\Lotech.Data.SqlServer.Core.csproj", "{E2DDD45F-6A88-4ADD-8B9F-55DC6EF88737}"
EndProject
Project("{2150E333-8FDC-42A3-9474-1A3956D46DE8}") = "独立版本", "独立版本", "{B952B337-8E2C-48A6-A5EE-60A8AE6CBE42}"
EndProject
Project("{9A19103F-16F7-4668-BE54-9A1E7A4F7556}") = "Lotech.Data.MySql.Core", "Lotech.Data\Lotech.Data.MySql.Core.csproj", "{E6092F39-63E3-4F7D-BD49-7181E8FDAAA7}"
EndProject
Project("{9A19103F-16F7-4668-BE54-9A1E7A4F7556}") = "Lotech.Data.Generic.Core", "Lotech.Data\Lotech.Data.Generic.Core.csproj", "{E8E06172-61BF-4058-B1DA-02E689885F52}"
EndProject
Project("{9A19103F-16F7-4668-BE54-9A1E7A4F7556}") = "Lotech.Data.Oracle.Core", "Lotech.Data\Lotech.Data.Oracle.Core.csproj", "{B553A343-5BE4-4661-82DD-718C80688604}"
EndProject
Project("{9A19103F-16F7-4668-BE54-9A1E7A4F7556}") = "Lotech.Data.SQLite.Core", "Lotech.Data\Lotech.Data.SQLite.Core.csproj", "{D54F0741-9419-43E3-8DBC-AD6146686451}"
EndProject
Global
	GlobalSection(SolutionConfigurationPlatforms) = preSolution
		Debug|Any CPU = Debug|Any CPU
		Release|Any CPU = Release|Any CPU
	EndGlobalSection
	GlobalSection(ProjectConfigurationPlatforms) = postSolution
		{6DC22D31-B294-46BF-A67D-8DEFD91DF4E0}.Debug|Any CPU.ActiveCfg = Debug|Any CPU
		{6DC22D31-B294-46BF-A67D-8DEFD91DF4E0}.Debug|Any CPU.Build.0 = Debug|Any CPU
		{6DC22D31-B294-46BF-A67D-8DEFD91DF4E0}.Release|Any CPU.ActiveCfg = Release|Any CPU
		{6DC22D31-B294-46BF-A67D-8DEFD91DF4E0}.Release|Any CPU.Build.0 = Release|Any CPU
		{AD802432-27DB-4476-BEA2-D683443320B2}.Debug|Any CPU.ActiveCfg = Debug|Any CPU
		{AD802432-27DB-4476-BEA2-D683443320B2}.Debug|Any CPU.Build.0 = Debug|Any CPU
		{AD802432-27DB-4476-BEA2-D683443320B2}.Release|Any CPU.ActiveCfg = Release|Any CPU
		{AD802432-27DB-4476-BEA2-D683443320B2}.Release|Any CPU.Build.0 = Release|Any CPU
		{E2DDD45F-6A88-4ADD-8B9F-55DC6EF88737}.Debug|Any CPU.ActiveCfg = Debug|Any CPU
		{E2DDD45F-6A88-4ADD-8B9F-55DC6EF88737}.Debug|Any CPU.Build.0 = Debug|Any CPU
		{E2DDD45F-6A88-4ADD-8B9F-55DC6EF88737}.Release|Any CPU.ActiveCfg = Release|Any CPU
		{E2DDD45F-6A88-4ADD-8B9F-55DC6EF88737}.Release|Any CPU.Build.0 = Release|Any CPU
		{E6092F39-63E3-4F7D-BD49-7181E8FDAAA7}.Debug|Any CPU.ActiveCfg = Debug|Any CPU
		{E6092F39-63E3-4F7D-BD49-7181E8FDAAA7}.Debug|Any CPU.Build.0 = Debug|Any CPU
		{E6092F39-63E3-4F7D-BD49-7181E8FDAAA7}.Release|Any CPU.ActiveCfg = Release|Any CPU
		{E6092F39-63E3-4F7D-BD49-7181E8FDAAA7}.Release|Any CPU.Build.0 = Release|Any CPU
		{E8E06172-61BF-4058-B1DA-02E689885F52}.Debug|Any CPU.ActiveCfg = Debug|Any CPU
		{E8E06172-61BF-4058-B1DA-02E689885F52}.Debug|Any CPU.Build.0 = Debug|Any CPU
		{E8E06172-61BF-4058-B1DA-02E689885F52}.Release|Any CPU.ActiveCfg = Release|Any CPU
		{E8E06172-61BF-4058-B1DA-02E689885F52}.Release|Any CPU.Build.0 = Release|Any CPU
		{B553A343-5BE4-4661-82DD-718C80688604}.Debug|Any CPU.ActiveCfg = Debug|Any CPU
		{B553A343-5BE4-4661-82DD-718C80688604}.Debug|Any CPU.Build.0 = Debug|Any CPU
		{B553A343-5BE4-4661-82DD-718C80688604}.Release|Any CPU.ActiveCfg = Release|Any CPU
		{B553A343-5BE4-4661-82DD-718C80688604}.Release|Any CPU.Build.0 = Release|Any CPU
		{D54F0741-9419-43E3-8DBC-AD6146686451}.Debug|Any CPU.ActiveCfg = Debug|Any CPU
		{D54F0741-9419-43E3-8DBC-AD6146686451}.Debug|Any CPU.Build.0 = Debug|Any CPU
		{D54F0741-9419-43E3-8DBC-AD6146686451}.Release|Any CPU.ActiveCfg = Release|Any CPU
		{D54F0741-9419-43E3-8DBC-AD6146686451}.Release|Any CPU.Build.0 = Release|Any CPU
	EndGlobalSection
	GlobalSection(SolutionProperties) = preSolution
		HideSolutionNode = FALSE
	EndGlobalSection
	GlobalSection(NestedProjects) = preSolution
		{E2DDD45F-6A88-4ADD-8B9F-55DC6EF88737} = {B952B337-8E2C-48A6-A5EE-60A8AE6CBE42}
		{E6092F39-63E3-4F7D-BD49-7181E8FDAAA7} = {B952B337-8E2C-48A6-A5EE-60A8AE6CBE42}
		{E8E06172-61BF-4058-B1DA-02E689885F52} = {B952B337-8E2C-48A6-A5EE-60A8AE6CBE42}
		{B553A343-5BE4-4661-82DD-718C80688604} = {B952B337-8E2C-48A6-A5EE-60A8AE6CBE42}
		{D54F0741-9419-43E3-8DBC-AD6146686451} = {B952B337-8E2C-48A6-A5EE-60A8AE6CBE42}
	EndGlobalSection
	GlobalSection(ExtensibilityGlobals) = postSolution
		SolutionGuid = {79FFB931-D10D-4E13-9302-9EC2B68EADBD}
	EndGlobalSection
EndGlobal
