
Microsoft Visual Studio Solution File, Format Version 12.00
# Visual Studio 14
VisualStudioVersion = 14.0.25420.1
MinimumVisualStudioVersion = 10.0.40219.1
Project("{FAE04EC0-301F-11D3-BF4B-00C04F79EFBC}") = "Lotech.Data", "Lotech.Data\Lotech.Data.csproj", "{AB5BE5AB-CD4D-4FBB-BDF7-FC2777D7BC6C}"
EndProject
Project("{FAE04EC0-301F-11D3-BF4B-00C04F79EFBC}") = "Lotech.Data.Example", "Lotech.Data.Example\Lotech.Data.Example.csproj", "{1895FB8B-864E-4348-970E-E989CD1C1351}"
EndProject
Global
	GlobalSection(SolutionConfigurationPlatforms) = preSolution
		Debug|Any CPU = Debug|Any CPU
		Release|Any CPU = Release|Any CPU
	EndGlobalSection
	GlobalSection(ProjectConfigurationPlatforms) = postSolution
		{AB5BE5AB-CD4D-4FBB-BDF7-FC2777D7BC6C}.Debug|Any CPU.ActiveCfg = Debug|Any CPU
		{AB5BE5AB-CD4D-4FBB-BDF7-FC2777D7BC6C}.Debug|Any CPU.Build.0 = Debug|Any CPU
		{AB5BE5AB-CD4D-4FBB-BDF7-FC2777D7BC6C}.Release|Any CPU.ActiveCfg = Release|Any CPU
		{AB5BE5AB-CD4D-4FBB-BDF7-FC2777D7BC6C}.Release|Any CPU.Build.0 = Release|Any CPU
		{1895FB8B-864E-4348-970E-E989CD1C1351}.Debug|Any CPU.ActiveCfg = Debug|Any CPU
		{1895FB8B-864E-4348-970E-E989CD1C1351}.Debug|Any CPU.Build.0 = Debug|Any CPU
		{1895FB8B-864E-4348-970E-E989CD1C1351}.Release|Any CPU.ActiveCfg = Release|Any CPU
		{1895FB8B-864E-4348-970E-E989CD1C1351}.Release|Any CPU.Build.0 = Release|Any CPU
	EndGlobalSection
	GlobalSection(SolutionProperties) = preSolution
		HideSolutionNode = FALSE
	EndGlobalSection
	GlobalSection(ExtensibilityGlobals) = postSolution
		SolutionGuid = {79FFB931-D10D-4E13-9302-9EC2B68EADBD}
	EndGlobalSection
EndGlobal
