
Microsoft Visual Studio Solution File, Format Version 12.00
# Visual Studio 15
VisualStudioVersion = 15.0.26124.0
MinimumVisualStudioVersion = 15.0.26124.0
Project("{FAE04EC0-301F-11D3-BF4B-00C04F79EFBC}") = "Lotech.Data.Core", "Lotech.Data.Core\Lotech.Data.Core.csproj", "{D1039C92-3F63-44AD-924A-4E6D4A8EF91B}"
EndProject
Project("{FAE04EC0-301F-11D3-BF4B-00C04F79EFBC}") = "Lotech.Data.Core.Benchmark", "Lotech.Data.Core.Benchmark\Lotech.Data.Core.Benchmark.csproj", "{45A76CED-DA7C-4234-8B96-1ADAEFAD65C9}"
EndProject
Project("{FAE04EC0-301F-11D3-BF4B-00C04F79EFBC}") = "Lotech.Data.Core.Test", "Lotech.Data.Core.Test\Lotech.Data.Core.Test.csproj", "{32931BDD-F1C0-4210-8238-1EBB4E3E0477}"
EndProject
Global
	GlobalSection(SolutionConfigurationPlatforms) = preSolution
		Debug|Any CPU = Debug|Any CPU
		Debug|x64 = Debug|x64
		Debug|x86 = Debug|x86
		Release|Any CPU = Release|Any CPU
		Release|x64 = Release|x64
		Release|x86 = Release|x86
	EndGlobalSection
	GlobalSection(SolutionProperties) = preSolution
		HideSolutionNode = FALSE
	EndGlobalSection
	GlobalSection(ProjectConfigurationPlatforms) = postSolution
		{D1039C92-3F63-44AD-924A-4E6D4A8EF91B}.Debug|Any CPU.ActiveCfg = Debug|Any CPU
		{D1039C92-3F63-44AD-924A-4E6D4A8EF91B}.Debug|Any CPU.Build.0 = Debug|Any CPU
		{D1039C92-3F63-44AD-924A-4E6D4A8EF91B}.Debug|x64.ActiveCfg = Debug|Any CPU
		{D1039C92-3F63-44AD-924A-4E6D4A8EF91B}.Debug|x64.Build.0 = Debug|Any CPU
		{D1039C92-3F63-44AD-924A-4E6D4A8EF91B}.Debug|x86.ActiveCfg = Debug|Any CPU
		{D1039C92-3F63-44AD-924A-4E6D4A8EF91B}.Debug|x86.Build.0 = Debug|Any CPU
		{D1039C92-3F63-44AD-924A-4E6D4A8EF91B}.Release|Any CPU.ActiveCfg = Release|Any CPU
		{D1039C92-3F63-44AD-924A-4E6D4A8EF91B}.Release|Any CPU.Build.0 = Release|Any CPU
		{D1039C92-3F63-44AD-924A-4E6D4A8EF91B}.Release|x64.ActiveCfg = Release|Any CPU
		{D1039C92-3F63-44AD-924A-4E6D4A8EF91B}.Release|x64.Build.0 = Release|Any CPU
		{D1039C92-3F63-44AD-924A-4E6D4A8EF91B}.Release|x86.ActiveCfg = Release|Any CPU
		{D1039C92-3F63-44AD-924A-4E6D4A8EF91B}.Release|x86.Build.0 = Release|Any CPU
		{45A76CED-DA7C-4234-8B96-1ADAEFAD65C9}.Debug|Any CPU.ActiveCfg = Debug|Any CPU
		{45A76CED-DA7C-4234-8B96-1ADAEFAD65C9}.Debug|Any CPU.Build.0 = Debug|Any CPU
		{45A76CED-DA7C-4234-8B96-1ADAEFAD65C9}.Debug|x64.ActiveCfg = Debug|Any CPU
		{45A76CED-DA7C-4234-8B96-1ADAEFAD65C9}.Debug|x64.Build.0 = Debug|Any CPU
		{45A76CED-DA7C-4234-8B96-1ADAEFAD65C9}.Debug|x86.ActiveCfg = Debug|Any CPU
		{45A76CED-DA7C-4234-8B96-1ADAEFAD65C9}.Debug|x86.Build.0 = Debug|Any CPU
		{45A76CED-DA7C-4234-8B96-1ADAEFAD65C9}.Release|Any CPU.ActiveCfg = Release|Any CPU
		{45A76CED-DA7C-4234-8B96-1ADAEFAD65C9}.Release|Any CPU.Build.0 = Release|Any CPU
		{45A76CED-DA7C-4234-8B96-1ADAEFAD65C9}.Release|x64.ActiveCfg = Release|Any CPU
		{45A76CED-DA7C-4234-8B96-1ADAEFAD65C9}.Release|x64.Build.0 = Release|Any CPU
		{45A76CED-DA7C-4234-8B96-1ADAEFAD65C9}.Release|x86.ActiveCfg = Release|Any CPU
		{45A76CED-DA7C-4234-8B96-1ADAEFAD65C9}.Release|x86.Build.0 = Release|Any CPU
		{32931BDD-F1C0-4210-8238-1EBB4E3E0477}.Debug|Any CPU.ActiveCfg = Debug|Any CPU
		{32931BDD-F1C0-4210-8238-1EBB4E3E0477}.Debug|Any CPU.Build.0 = Debug|Any CPU
		{32931BDD-F1C0-4210-8238-1EBB4E3E0477}.Debug|x64.ActiveCfg = Debug|Any CPU
		{32931BDD-F1C0-4210-8238-1EBB4E3E0477}.Debug|x64.Build.0 = Debug|Any CPU
		{32931BDD-F1C0-4210-8238-1EBB4E3E0477}.Debug|x86.ActiveCfg = Debug|Any CPU
		{32931BDD-F1C0-4210-8238-1EBB4E3E0477}.Debug|x86.Build.0 = Debug|Any CPU
		{32931BDD-F1C0-4210-8238-1EBB4E3E0477}.Release|Any CPU.ActiveCfg = Release|Any CPU
		{32931BDD-F1C0-4210-8238-1EBB4E3E0477}.Release|Any CPU.Build.0 = Release|Any CPU
		{32931BDD-F1C0-4210-8238-1EBB4E3E0477}.Release|x64.ActiveCfg = Release|Any CPU
		{32931BDD-F1C0-4210-8238-1EBB4E3E0477}.Release|x64.Build.0 = Release|Any CPU
		{32931BDD-F1C0-4210-8238-1EBB4E3E0477}.Release|x86.ActiveCfg = Release|Any CPU
		{32931BDD-F1C0-4210-8238-1EBB4E3E0477}.Release|x86.Build.0 = Release|Any CPU
	EndGlobalSection
EndGlobal
